
Microsoft Visual Studio Solution File, Format Version 12.00
# Visual Studio 15
VisualStudioVersion = 15.0.28010.2026
MinimumVisualStudioVersion = 10.0.40219.1
Project("{9A19103F-16F7-4668-BE54-9A1E7A4F7556}") = "EntityFrameworkCore(1)", "EntityFramworkCore\EntityFrameworkCore(1).csproj", "{7BD11027-6954-4526-85EB-C274064BB5E0}"
EndProject
Project("{FAE04EC0-301F-11D3-BF4B-00C04F79EFBC}") = "NonGeneric", "NonGeneric\NonGeneric.csproj", "{2FB8C030-7172-44C4-9907-51D59C33F114}"
EndProject
Project("{FAE04EC0-301F-11D3-BF4B-00C04F79EFBC}") = "EntityFrameworkCore(2)", "EntityFrameworkCore(2)\EntityFrameworkCore(2).csproj", "{B943CE98-B50C-4A24-80A1-D4742EC1CC6F}"
EndProject
Project("{FAE04EC0-301F-11D3-BF4B-00C04F79EFBC}") = "EntitiyFrameworkCore(3)", "EntitiyFrameworkCore(3)\EntitiyFrameworkCore(3).csproj", "{865F6692-A456-46FF-9E2A-C4F14C6C9122}"
EndProject
Global
	GlobalSection(SolutionConfigurationPlatforms) = preSolution
		Debug|Any CPU = Debug|Any CPU
		Release|Any CPU = Release|Any CPU
	EndGlobalSection
	GlobalSection(ProjectConfigurationPlatforms) = postSolution
		{7BD11027-6954-4526-85EB-C274064BB5E0}.Debug|Any CPU.ActiveCfg = Debug|Any CPU
		{7BD11027-6954-4526-85EB-C274064BB5E0}.Debug|Any CPU.Build.0 = Debug|Any CPU
		{7BD11027-6954-4526-85EB-C274064BB5E0}.Release|Any CPU.ActiveCfg = Release|Any CPU
		{7BD11027-6954-4526-85EB-C274064BB5E0}.Release|Any CPU.Build.0 = Release|Any CPU
		{2FB8C030-7172-44C4-9907-51D59C33F114}.Debug|Any CPU.ActiveCfg = Debug|Any CPU
		{2FB8C030-7172-44C4-9907-51D59C33F114}.Debug|Any CPU.Build.0 = Debug|Any CPU
		{2FB8C030-7172-44C4-9907-51D59C33F114}.Release|Any CPU.ActiveCfg = Release|Any CPU
		{2FB8C030-7172-44C4-9907-51D59C33F114}.Release|Any CPU.Build.0 = Release|Any CPU
		{B943CE98-B50C-4A24-80A1-D4742EC1CC6F}.Debug|Any CPU.ActiveCfg = Debug|Any CPU
		{B943CE98-B50C-4A24-80A1-D4742EC1CC6F}.Debug|Any CPU.Build.0 = Debug|Any CPU
		{B943CE98-B50C-4A24-80A1-D4742EC1CC6F}.Release|Any CPU.ActiveCfg = Release|Any CPU
		{B943CE98-B50C-4A24-80A1-D4742EC1CC6F}.Release|Any CPU.Build.0 = Release|Any CPU
		{865F6692-A456-46FF-9E2A-C4F14C6C9122}.Debug|Any CPU.ActiveCfg = Debug|Any CPU
		{865F6692-A456-46FF-9E2A-C4F14C6C9122}.Debug|Any CPU.Build.0 = Debug|Any CPU
		{865F6692-A456-46FF-9E2A-C4F14C6C9122}.Release|Any CPU.ActiveCfg = Release|Any CPU
		{865F6692-A456-46FF-9E2A-C4F14C6C9122}.Release|Any CPU.Build.0 = Release|Any CPU
	EndGlobalSection
	GlobalSection(SolutionProperties) = preSolution
		HideSolutionNode = FALSE
	EndGlobalSection
	GlobalSection(ExtensibilityGlobals) = postSolution
		SolutionGuid = {4B95F1C0-FAC5-4829-8AD3-1D1873723102}
	EndGlobalSection
EndGlobal
